
Microsoft Visual Studio Solution File, Format Version 12.00
# Visual Studio 15
VisualStudioVersion = 15.0.28307.1022
MinimumVisualStudioVersion = 10.0.40219.1
Project("{FAE04EC0-301F-11D3-BF4B-00C04F79EFBC}") = "AccList", "AccList\AccList.csproj", "{1F80A998-4C66-457B-A0DB-7F5291E1427F}"
EndProject
Global
	GlobalSection(SolutionConfigurationPlatforms) = preSolution
		Debug|Any CPU = Debug|Any CPU
		Release|Any CPU = Release|Any CPU
	EndGlobalSection
	GlobalSection(ProjectConfigurationPlatforms) = postSolution
		{1F80A998-4C66-457B-A0DB-7F5291E1427F}.Debug|Any CPU.ActiveCfg = Debug|Any CPU
		{1F80A998-4C66-457B-A0DB-7F5291E1427F}.Debug|Any CPU.Build.0 = Debug|Any CPU
		{1F80A998-4C66-457B-A0DB-7F5291E1427F}.Release|Any CPU.ActiveCfg = Release|Any CPU
		{1F80A998-4C66-457B-A0DB-7F5291E1427F}.Release|Any CPU.Build.0 = Release|Any CPU
	EndGlobalSection
	GlobalSection(SolutionProperties) = preSolution
		HideSolutionNode = FALSE
	EndGlobalSection
	GlobalSection(ExtensibilityGlobals) = postSolution
		SolutionGuid = {247158F0-F421-4E70-8657-13E5D95CDD28}
	EndGlobalSection
EndGlobal
